
Microsoft Visual Studio Solution File, Format Version 12.00
# Visual Studio 15
VisualStudioVersion = 15.0.26430.6
MinimumVisualStudioVersion = 10.0.40219.1
Project("{FAE04EC0-301F-11D3-BF4B-00C04F79EFBC}") = "PorjetProg4", "PorjetProg4\PorjetProg4.csproj", "{FA21AEF5-54D6-4C39-A2A6-DD0228B15BC1}"
EndProject
Project("{FAE04EC0-301F-11D3-BF4B-00C04F79EFBC}") = "Test", "Test\Test.csproj", "{A8DBEE78-24FC-4C0A-8042-325E5EC875C9}"
EndProject
Global
	GlobalSection(SolutionConfigurationPlatforms) = preSolution
		Debug|Any CPU = Debug|Any CPU
		Release|Any CPU = Release|Any CPU
	EndGlobalSection
	GlobalSection(ProjectConfigurationPlatforms) = postSolution
		{FA21AEF5-54D6-4C39-A2A6-DD0228B15BC1}.Debug|Any CPU.ActiveCfg = Debug|Any CPU
		{FA21AEF5-54D6-4C39-A2A6-DD0228B15BC1}.Debug|Any CPU.Build.0 = Debug|Any CPU
		{FA21AEF5-54D6-4C39-A2A6-DD0228B15BC1}.Release|Any CPU.ActiveCfg = Release|Any CPU
		{FA21AEF5-54D6-4C39-A2A6-DD0228B15BC1}.Release|Any CPU.Build.0 = Release|Any CPU
		{A8DBEE78-24FC-4C0A-8042-325E5EC875C9}.Debug|Any CPU.ActiveCfg = Debug|Any CPU
		{A8DBEE78-24FC-4C0A-8042-325E5EC875C9}.Debug|Any CPU.Build.0 = Debug|Any CPU
		{A8DBEE78-24FC-4C0A-8042-325E5EC875C9}.Release|Any CPU.ActiveCfg = Release|Any CPU
		{A8DBEE78-24FC-4C0A-8042-325E5EC875C9}.Release|Any CPU.Build.0 = Release|Any CPU
	EndGlobalSection
	GlobalSection(SolutionProperties) = preSolution
		HideSolutionNode = FALSE
	EndGlobalSection
EndGlobal
